
Microsoft Visual Studio Solution File, Format Version 12.00
# Visual Studio Version 16
VisualStudioVersion = 16.0.30114.105
MinimumVisualStudioVersion = 10.0.40219.1
Project("{2150E333-8FDC-42A3-9474-1A3956D46DE8}") = "Libraries", "Libraries", "{FEEBBF85-B55F-49FE-B27E-B11D7951FB14}"
EndProject
Project("{FAE04EC0-301F-11D3-BF4B-00C04F79EFBC}") = "Application", "src\Libraries\Application\Application.csproj", "{96FD7F59-A705-4D17-A78E-4FD457827FD7}"
EndProject
Project("{FAE04EC0-301F-11D3-BF4B-00C04F79EFBC}") = "Infrastructure", "src\Libraries\Infrastructure\Infrastructure.csproj", "{69E5E066-DEE8-48FE-A80D-7D48D250096D}"
EndProject
Project("{FAE04EC0-301F-11D3-BF4B-00C04F79EFBC}") = "Domain", "src\Libraries\Domain\Domain.csproj", "{85AF2AC7-1EFF-4D03-8782-98A3C6BCC825}"
EndProject
Project("{2150E333-8FDC-42A3-9474-1A3956D46DE8}") = "Presentation", "Presentation", "{0A2712ED-CDE9-4A0F-8562-887A21033750}"
EndProject
Project("{FAE04EC0-301F-11D3-BF4B-00C04F79EFBC}") = "WebMVC", "src\Presentation\WebMVC\WebMVC.csproj", "{C5B71640-2A29-41F9-8A7D-4F8E13C7DC0C}"
EndProject
Global
	GlobalSection(SolutionConfigurationPlatforms) = preSolution
		Debug|Any CPU = Debug|Any CPU
		Release|Any CPU = Release|Any CPU
	EndGlobalSection
	GlobalSection(SolutionProperties) = preSolution
		HideSolutionNode = FALSE
	EndGlobalSection
	GlobalSection(ProjectConfigurationPlatforms) = postSolution
		{96FD7F59-A705-4D17-A78E-4FD457827FD7}.Debug|Any CPU.ActiveCfg = Debug|Any CPU
		{96FD7F59-A705-4D17-A78E-4FD457827FD7}.Debug|Any CPU.Build.0 = Debug|Any CPU
		{96FD7F59-A705-4D17-A78E-4FD457827FD7}.Release|Any CPU.ActiveCfg = Release|Any CPU
		{96FD7F59-A705-4D17-A78E-4FD457827FD7}.Release|Any CPU.Build.0 = Release|Any CPU
		{69E5E066-DEE8-48FE-A80D-7D48D250096D}.Debug|Any CPU.ActiveCfg = Debug|Any CPU
		{69E5E066-DEE8-48FE-A80D-7D48D250096D}.Debug|Any CPU.Build.0 = Debug|Any CPU
		{69E5E066-DEE8-48FE-A80D-7D48D250096D}.Release|Any CPU.ActiveCfg = Release|Any CPU
		{69E5E066-DEE8-48FE-A80D-7D48D250096D}.Release|Any CPU.Build.0 = Release|Any CPU
		{85AF2AC7-1EFF-4D03-8782-98A3C6BCC825}.Debug|Any CPU.ActiveCfg = Debug|Any CPU
		{85AF2AC7-1EFF-4D03-8782-98A3C6BCC825}.Debug|Any CPU.Build.0 = Debug|Any CPU
		{85AF2AC7-1EFF-4D03-8782-98A3C6BCC825}.Release|Any CPU.ActiveCfg = Release|Any CPU
		{85AF2AC7-1EFF-4D03-8782-98A3C6BCC825}.Release|Any CPU.Build.0 = Release|Any CPU
		{C5B71640-2A29-41F9-8A7D-4F8E13C7DC0C}.Debug|Any CPU.ActiveCfg = Debug|Any CPU
		{C5B71640-2A29-41F9-8A7D-4F8E13C7DC0C}.Debug|Any CPU.Build.0 = Debug|Any CPU
		{C5B71640-2A29-41F9-8A7D-4F8E13C7DC0C}.Release|Any CPU.ActiveCfg = Release|Any CPU
		{C5B71640-2A29-41F9-8A7D-4F8E13C7DC0C}.Release|Any CPU.Build.0 = Release|Any CPU
	EndGlobalSection
	GlobalSection(NestedProjects) = preSolution
		{FEEBBF85-B55F-49FE-B27E-B11D7951FB14} = {A87B86DA-1E69-43D0-A3EF-3A8DB9C86BDF}
		{96FD7F59-A705-4D17-A78E-4FD457827FD7} = {FEEBBF85-B55F-49FE-B27E-B11D7951FB14}
		{69E5E066-DEE8-48FE-A80D-7D48D250096D} = {FEEBBF85-B55F-49FE-B27E-B11D7951FB14}
		{85AF2AC7-1EFF-4D03-8782-98A3C6BCC825} = {FEEBBF85-B55F-49FE-B27E-B11D7951FB14}
		{0A2712ED-CDE9-4A0F-8562-887A21033750} = {A87B86DA-1E69-43D0-A3EF-3A8DB9C86BDF}
		{C5B71640-2A29-41F9-8A7D-4F8E13C7DC0C} = {0A2712ED-CDE9-4A0F-8562-887A21033750}
	EndGlobalSection
EndGlobal
